
Microsoft Visual Studio Solution File, Format Version 12.00
# Visual Studio Version 17
VisualStudioVersion = 17.0.31903.59
MinimumVisualStudioVersion = 10.0.40219.1
Project("{2150E333-8FDC-42A3-9474-1A3956D46DE8}") = "src", "src", "{63412BD6-618C-432C-B8A8-DB293EFEF995}"
EndProject
Project("{2150E333-8FDC-42A3-9474-1A3956D46DE8}") = "tests", "tests", "{A1000000-0000-4000-8000-000000000001}"
EndProject
Project("{2150E333-8FDC-42A3-9474-1A3956D46DE8}") = "solution-items", "solution-items", "{417ECC97-114D-436B-9ED1-95ACA95EB4B1}"
	ProjectSection(SolutionItems) = preProject
		.gitignore = .gitignore
		global.json = global.json
		install.bat = install.bat
		README.md = README.md
		Directory.Build.props = Directory.Build.props
	EndProjectSection
EndProject
Project("{FAE04EC0-301F-11D3-BF4B-00C04F79EFBC}") = "Fuse.Collection", "src\Fuse.Collection\Fuse.Collection.csproj", "{C1000001-0000-4000-8000-000000000001}"
EndProject
Project("{FAE04EC0-301F-11D3-BF4B-00C04F79EFBC}") = "Fuse.Reduction", "src\Fuse.Reduction\Fuse.Reduction.csproj", "{C1000002-0000-4000-8000-000000000002}"
EndProject
Project("{FAE04EC0-301F-11D3-BF4B-00C04F79EFBC}") = "Fuse.Emission", "src\Fuse.Emission\Fuse.Emission.csproj", "{C1000003-0000-4000-8000-000000000003}"
EndProject
Project("{FAE04EC0-301F-11D3-BF4B-00C04F79EFBC}") = "Fuse.Fusion", "src\Fuse.Fusion\Fuse.Fusion.csproj", "{C1000004-0000-4000-8000-000000000004}"
EndProject
Project("{FAE04EC0-301F-11D3-BF4B-00C04F79EFBC}") = "Fuse.Cli", "src\Fuse.Cli\Fuse.Cli.csproj", "{7DEAFDF9-67A4-49AF-BDF6-FD75564EAEB8}"
EndProject
Project("{FAE04EC0-301F-11D3-BF4B-00C04F79EFBC}") = "Fuse.Collection.Tests", "tests\Fuse.Collection.Tests\Fuse.Collection.Tests.csproj", "{AF2290AF-ADD0-673E-F052-FCB7B24CE483}"
EndProject
Project("{FAE04EC0-301F-11D3-BF4B-00C04F79EFBC}") = "Fuse.Reduction.Tests", "tests\Fuse.Reduction.Tests\Fuse.Reduction.Tests.csproj", "{86A9B8F1-438C-434C-D85E-1E95CC115960}"
EndProject
Project("{FAE04EC0-301F-11D3-BF4B-00C04F79EFBC}") = "Fuse.Fusion.Tests", "tests\Fuse.Fusion.Tests\Fuse.Fusion.Tests.csproj", "{C0CCD57F-92CE-C433-993E-7283EC37EC5B}"
EndProject
Project("{FAE04EC0-301F-11D3-BF4B-00C04F79EFBC}") = "Fuse.Analysis", "src\Fuse.Analysis\Fuse.Analysis.csproj", "{8F26ECE4-B64A-4CD8-A0ED-9DCDC3D9276A}"
EndProject
Project("{FAE04EC0-301F-11D3-BF4B-00C04F79EFBC}") = "Fuse.Analysis.Tests", "tests\Fuse.Analysis.Tests\Fuse.Analysis.Tests.csproj", "{4B641F5C-E0E5-4FE0-8453-7F6E404DD208}"
EndProject
Global
	GlobalSection(SolutionConfigurationPlatforms) = preSolution
		Debug|Any CPU = Debug|Any CPU
		Debug|x64 = Debug|x64
		Debug|x86 = Debug|x86
		Release|Any CPU = Release|Any CPU
		Release|x64 = Release|x64
		Release|x86 = Release|x86
	EndGlobalSection
	GlobalSection(ProjectConfigurationPlatforms) = postSolution
		{C1000001-0000-4000-8000-000000000001}.Debug|Any CPU.ActiveCfg = Debug|Any CPU
		{C1000001-0000-4000-8000-000000000001}.Debug|Any CPU.Build.0 = Debug|Any CPU
		{C1000001-0000-4000-8000-000000000001}.Debug|x64.ActiveCfg = Debug|Any CPU
		{C1000001-0000-4000-8000-000000000001}.Debug|x64.Build.0 = Debug|Any CPU
		{C1000001-0000-4000-8000-000000000001}.Debug|x86.ActiveCfg = Debug|Any CPU
		{C1000001-0000-4000-8000-000000000001}.Debug|x86.Build.0 = Debug|Any CPU
		{C1000001-0000-4000-8000-000000000001}.Release|Any CPU.ActiveCfg = Release|Any CPU
		{C1000001-0000-4000-8000-000000000001}.Release|Any CPU.Build.0 = Release|Any CPU
		{C1000001-0000-4000-8000-000000000001}.Release|x64.ActiveCfg = Release|Any CPU
		{C1000001-0000-4000-8000-000000000001}.Release|x64.Build.0 = Release|Any CPU
		{C1000001-0000-4000-8000-000000000001}.Release|x86.ActiveCfg = Release|Any CPU
		{C1000001-0000-4000-8000-000000000001}.Release|x86.Build.0 = Release|Any CPU
		{C1000002-0000-4000-8000-000000000002}.Debug|Any CPU.ActiveCfg = Debug|Any CPU
		{C1000002-0000-4000-8000-000000000002}.Debug|Any CPU.Build.0 = Debug|Any CPU
		{C1000002-0000-4000-8000-000000000002}.Debug|x64.ActiveCfg = Debug|Any CPU
		{C1000002-0000-4000-8000-000000000002}.Debug|x64.Build.0 = Debug|Any CPU
		{C1000002-0000-4000-8000-000000000002}.Debug|x86.ActiveCfg = Debug|Any CPU
		{C1000002-0000-4000-8000-000000000002}.Debug|x86.Build.0 = Debug|Any CPU
		{C1000002-0000-4000-8000-000000000002}.Release|Any CPU.ActiveCfg = Release|Any CPU
		{C1000002-0000-4000-8000-000000000002}.Release|Any CPU.Build.0 = Release|Any CPU
		{C1000002-0000-4000-8000-000000000002}.Release|x64.ActiveCfg = Release|Any CPU
		{C1000002-0000-4000-8000-000000000002}.Release|x64.Build.0 = Release|Any CPU
		{C1000002-0000-4000-8000-000000000002}.Release|x86.ActiveCfg = Release|Any CPU
		{C1000002-0000-4000-8000-000000000002}.Release|x86.Build.0 = Release|Any CPU
		{C1000003-0000-4000-8000-000000000003}.Debug|Any CPU.ActiveCfg = Debug|Any CPU
		{C1000003-0000-4000-8000-000000000003}.Debug|Any CPU.Build.0 = Debug|Any CPU
		{C1000003-0000-4000-8000-000000000003}.Debug|x64.ActiveCfg = Debug|Any CPU
		{C1000003-0000-4000-8000-000000000003}.Debug|x64.Build.0 = Debug|Any CPU
		{C1000003-0000-4000-8000-000000000003}.Debug|x86.ActiveCfg = Debug|Any CPU
		{C1000003-0000-4000-8000-000000000003}.Debug|x86.Build.0 = Debug|Any CPU
		{C1000003-0000-4000-8000-000000000003}.Release|Any CPU.ActiveCfg = Release|Any CPU
		{C1000003-0000-4000-8000-000000000003}.Release|Any CPU.Build.0 = Release|Any CPU
		{C1000003-0000-4000-8000-000000000003}.Release|x64.ActiveCfg = Release|Any CPU
		{C1000003-0000-4000-8000-000000000003}.Release|x64.Build.0 = Release|Any CPU
		{C1000003-0000-4000-8000-000000000003}.Release|x86.ActiveCfg = Release|Any CPU
		{C1000003-0000-4000-8000-000000000003}.Release|x86.Build.0 = Release|Any CPU
		{C1000004-0000-4000-8000-000000000004}.Debug|Any CPU.ActiveCfg = Debug|Any CPU
		{C1000004-0000-4000-8000-000000000004}.Debug|Any CPU.Build.0 = Debug|Any CPU
		{C1000004-0000-4000-8000-000000000004}.Debug|x64.ActiveCfg = Debug|Any CPU
		{C1000004-0000-4000-8000-000000000004}.Debug|x64.Build.0 = Debug|Any CPU
		{C1000004-0000-4000-8000-000000000004}.Debug|x86.ActiveCfg = Debug|Any CPU
		{C1000004-0000-4000-8000-000000000004}.Debug|x86.Build.0 = Debug|Any CPU
		{C1000004-0000-4000-8000-000000000004}.Release|Any CPU.ActiveCfg = Release|Any CPU
		{C1000004-0000-4000-8000-000000000004}.Release|Any CPU.Build.0 = Release|Any CPU
		{C1000004-0000-4000-8000-000000000004}.Release|x64.ActiveCfg = Release|Any CPU
		{C1000004-0000-4000-8000-000000000004}.Release|x64.Build.0 = Release|Any CPU
		{C1000004-0000-4000-8000-000000000004}.Release|x86.ActiveCfg = Release|Any CPU
		{C1000004-0000-4000-8000-000000000004}.Release|x86.Build.0 = Release|Any CPU
		{7DEAFDF9-67A4-49AF-BDF6-FD75564EAEB8}.Debug|Any CPU.ActiveCfg = Debug|Any CPU
		{7DEAFDF9-67A4-49AF-BDF6-FD75564EAEB8}.Debug|Any CPU.Build.0 = Debug|Any CPU
		{7DEAFDF9-67A4-49AF-BDF6-FD75564EAEB8}.Debug|x64.ActiveCfg = Debug|Any CPU
		{7DEAFDF9-67A4-49AF-BDF6-FD75564EAEB8}.Debug|x64.Build.0 = Debug|Any CPU
		{7DEAFDF9-67A4-49AF-BDF6-FD75564EAEB8}.Debug|x86.ActiveCfg = Debug|Any CPU
		{7DEAFDF9-67A4-49AF-BDF6-FD75564EAEB8}.Debug|x86.Build.0 = Debug|Any CPU
		{7DEAFDF9-67A4-49AF-BDF6-FD75564EAEB8}.Release|Any CPU.ActiveCfg = Release|Any CPU
		{7DEAFDF9-67A4-49AF-BDF6-FD75564EAEB8}.Release|Any CPU.Build.0 = Release|Any CPU
		{7DEAFDF9-67A4-49AF-BDF6-FD75564EAEB8}.Release|x64.ActiveCfg = Release|Any CPU
		{7DEAFDF9-67A4-49AF-BDF6-FD75564EAEB8}.Release|x64.Build.0 = Release|Any CPU
		{7DEAFDF9-67A4-49AF-BDF6-FD75564EAEB8}.Release|x86.ActiveCfg = Release|Any CPU
		{7DEAFDF9-67A4-49AF-BDF6-FD75564EAEB8}.Release|x86.Build.0 = Release|Any CPU
		{AF2290AF-ADD0-673E-F052-FCB7B24CE483}.Debug|Any CPU.ActiveCfg = Debug|Any CPU
		{AF2290AF-ADD0-673E-F052-FCB7B24CE483}.Debug|Any CPU.Build.0 = Debug|Any CPU
		{AF2290AF-ADD0-673E-F052-FCB7B24CE483}.Debug|x64.ActiveCfg = Debug|Any CPU
		{AF2290AF-ADD0-673E-F052-FCB7B24CE483}.Debug|x64.Build.0 = Debug|Any CPU
		{AF2290AF-ADD0-673E-F052-FCB7B24CE483}.Debug|x86.ActiveCfg = Debug|Any CPU
		{AF2290AF-ADD0-673E-F052-FCB7B24CE483}.Debug|x86.Build.0 = Debug|Any CPU
		{AF2290AF-ADD0-673E-F052-FCB7B24CE483}.Release|Any CPU.ActiveCfg = Release|Any CPU
		{AF2290AF-ADD0-673E-F052-FCB7B24CE483}.Release|Any CPU.Build.0 = Release|Any CPU
		{AF2290AF-ADD0-673E-F052-FCB7B24CE483}.Release|x64.ActiveCfg = Release|Any CPU
		{AF2290AF-ADD0-673E-F052-FCB7B24CE483}.Release|x64.Build.0 = Release|Any CPU
		{AF2290AF-ADD0-673E-F052-FCB7B24CE483}.Release|x86.ActiveCfg = Release|Any CPU
		{AF2290AF-ADD0-673E-F052-FCB7B24CE483}.Release|x86.Build.0 = Release|Any CPU
		{86A9B8F1-438C-434C-D85E-1E95CC115960}.Debug|Any CPU.ActiveCfg = Debug|Any CPU
		{86A9B8F1-438C-434C-D85E-1E95CC115960}.Debug|Any CPU.Build.0 = Debug|Any CPU
		{86A9B8F1-438C-434C-D85E-1E95CC115960}.Debug|x64.ActiveCfg = Debug|Any CPU
		{86A9B8F1-438C-434C-D85E-1E95CC115960}.Debug|x64.Build.0 = Debug|Any CPU
		{86A9B8F1-438C-434C-D85E-1E95CC115960}.Debug|x86.ActiveCfg = Debug|Any CPU
		{86A9B8F1-438C-434C-D85E-1E95CC115960}.Debug|x86.Build.0 = Debug|Any CPU
		{86A9B8F1-438C-434C-D85E-1E95CC115960}.Release|Any CPU.ActiveCfg = Release|Any CPU
		{86A9B8F1-438C-434C-D85E-1E95CC115960}.Release|Any CPU.Build.0 = Release|Any CPU
		{86A9B8F1-438C-434C-D85E-1E95CC115960}.Release|x64.ActiveCfg = Release|Any CPU
		{86A9B8F1-438C-434C-D85E-1E95CC115960}.Release|x64.Build.0 = Release|Any CPU
		{86A9B8F1-438C-434C-D85E-1E95CC115960}.Release|x86.ActiveCfg = Release|Any CPU
		{86A9B8F1-438C-434C-D85E-1E95CC115960}.Release|x86.Build.0 = Release|Any CPU
		{C0CCD57F-92CE-C433-993E-7283EC37EC5B}.Debug|Any CPU.ActiveCfg = Debug|Any CPU
		{C0CCD57F-92CE-C433-993E-7283EC37EC5B}.Debug|Any CPU.Build.0 = Debug|Any CPU
		{C0CCD57F-92CE-C433-993E-7283EC37EC5B}.Debug|x64.ActiveCfg = Debug|Any CPU
		{C0CCD57F-92CE-C433-993E-7283EC37EC5B}.Debug|x64.Build.0 = Debug|Any CPU
		{C0CCD57F-92CE-C433-993E-7283EC37EC5B}.Debug|x86.ActiveCfg = Debug|Any CPU
		{C0CCD57F-92CE-C433-993E-7283EC37EC5B}.Debug|x86.Build.0 = Debug|Any CPU
		{C0CCD57F-92CE-C433-993E-7283EC37EC5B}.Release|Any CPU.ActiveCfg = Release|Any CPU
		{C0CCD57F-92CE-C433-993E-7283EC37EC5B}.Release|Any CPU.Build.0 = Release|Any CPU
		{C0CCD57F-92CE-C433-993E-7283EC37EC5B}.Release|x64.ActiveCfg = Release|Any CPU
		{C0CCD57F-92CE-C433-993E-7283EC37EC5B}.Release|x64.Build.0 = Release|Any CPU
		{C0CCD57F-92CE-C433-993E-7283EC37EC5B}.Release|x86.ActiveCfg = Release|Any CPU
		{C0CCD57F-92CE-C433-993E-7283EC37EC5B}.Release|x86.Build.0 = Release|Any CPU
		{8F26ECE4-B64A-4CD8-A0ED-9DCDC3D9276A}.Debug|Any CPU.ActiveCfg = Debug|Any CPU
		{8F26ECE4-B64A-4CD8-A0ED-9DCDC3D9276A}.Debug|Any CPU.Build.0 = Debug|Any CPU
		{8F26ECE4-B64A-4CD8-A0ED-9DCDC3D9276A}.Debug|x64.ActiveCfg = Debug|Any CPU
		{8F26ECE4-B64A-4CD8-A0ED-9DCDC3D9276A}.Debug|x64.Build.0 = Debug|Any CPU
		{8F26ECE4-B64A-4CD8-A0ED-9DCDC3D9276A}.Debug|x86.ActiveCfg = Debug|Any CPU
		{8F26ECE4-B64A-4CD8-A0ED-9DCDC3D9276A}.Debug|x86.Build.0 = Debug|Any CPU
		{8F26ECE4-B64A-4CD8-A0ED-9DCDC3D9276A}.Release|Any CPU.ActiveCfg = Release|Any CPU
		{8F26ECE4-B64A-4CD8-A0ED-9DCDC3D9276A}.Release|Any CPU.Build.0 = Release|Any CPU
		{8F26ECE4-B64A-4CD8-A0ED-9DCDC3D9276A}.Release|x64.ActiveCfg = Release|Any CPU
		{8F26ECE4-B64A-4CD8-A0ED-9DCDC3D9276A}.Release|x64.Build.0 = Release|Any CPU
		{8F26ECE4-B64A-4CD8-A0ED-9DCDC3D9276A}.Release|x86.ActiveCfg = Release|Any CPU
		{8F26ECE4-B64A-4CD8-A0ED-9DCDC3D9276A}.Release|x86.Build.0 = Release|Any CPU
		{4B641F5C-E0E5-4FE0-8453-7F6E404DD208}.Debug|Any CPU.ActiveCfg = Debug|Any CPU
		{4B641F5C-E0E5-4FE0-8453-7F6E404DD208}.Debug|Any CPU.Build.0 = Debug|Any CPU
		{4B641F5C-E0E5-4FE0-8453-7F6E404DD208}.Debug|x64.ActiveCfg = Debug|Any CPU
		{4B641F5C-E0E5-4FE0-8453-7F6E404DD208}.Debug|x64.Build.0 = Debug|Any CPU
		{4B641F5C-E0E5-4FE0-8453-7F6E404DD208}.Debug|x86.ActiveCfg = Debug|Any CPU
		{4B641F5C-E0E5-4FE0-8453-7F6E404DD208}.Debug|x86.Build.0 = Debug|Any CPU
		{4B641F5C-E0E5-4FE0-8453-7F6E404DD208}.Release|Any CPU.ActiveCfg = Release|Any CPU
		{4B641F5C-E0E5-4FE0-8453-7F6E404DD208}.Release|Any CPU.Build.0 = Release|Any CPU
		{4B641F5C-E0E5-4FE0-8453-7F6E404DD208}.Release|x64.ActiveCfg = Release|Any CPU
		{4B641F5C-E0E5-4FE0-8453-7F6E404DD208}.Release|x64.Build.0 = Release|Any CPU
		{4B641F5C-E0E5-4FE0-8453-7F6E404DD208}.Release|x86.ActiveCfg = Release|Any CPU
		{4B641F5C-E0E5-4FE0-8453-7F6E404DD208}.Release|x86.Build.0 = Release|Any CPU
	EndGlobalSection
	GlobalSection(SolutionProperties) = preSolution
		HideSolutionNode = FALSE
	EndGlobalSection
	GlobalSection(NestedProjects) = preSolution
		{C1000001-0000-4000-8000-000000000001} = {63412BD6-618C-432C-B8A8-DB293EFEF995}
		{C1000002-0000-4000-8000-000000000002} = {63412BD6-618C-432C-B8A8-DB293EFEF995}
		{C1000003-0000-4000-8000-000000000003} = {63412BD6-618C-432C-B8A8-DB293EFEF995}
		{C1000004-0000-4000-8000-000000000004} = {63412BD6-618C-432C-B8A8-DB293EFEF995}
		{7DEAFDF9-67A4-49AF-BDF6-FD75564EAEB8} = {63412BD6-618C-432C-B8A8-DB293EFEF995}
		{8F26ECE4-B64A-4CD8-A0ED-9DCDC3D9276A} = {63412BD6-618C-432C-B8A8-DB293EFEF995}
		{4B641F5C-E0E5-4FE0-8453-7F6E404DD208} = {A1000000-0000-4000-8000-000000000001}
	EndGlobalSection
EndGlobal
